
Microsoft Visual Studio Solution File, Format Version 12.00
# Visual Studio 15
VisualStudioVersion = 15.0.28010.2036
MinimumVisualStudioVersion = 10.0.40219.1
Project("{FAE04EC0-301F-11D3-BF4B-00C04F79EFBC}") = "GarbageCollectionDemo", "GarbageCollectionDemo\GarbageCollectionDemo.csproj", "{AB890C60-4E3F-4F26-AA5C-4D2A124038E3}"
EndProject
Global
	GlobalSection(SolutionConfigurationPlatforms) = preSolution
		Debug|Any CPU = Debug|Any CPU
		Release|Any CPU = Release|Any CPU
	EndGlobalSection
	GlobalSection(ProjectConfigurationPlatforms) = postSolution
		{AB890C60-4E3F-4F26-AA5C-4D2A124038E3}.Debug|Any CPU.ActiveCfg = Debug|Any CPU
		{AB890C60-4E3F-4F26-AA5C-4D2A124038E3}.Debug|Any CPU.Build.0 = Debug|Any CPU
		{AB890C60-4E3F-4F26-AA5C-4D2A124038E3}.Release|Any CPU.ActiveCfg = Release|Any CPU
		{AB890C60-4E3F-4F26-AA5C-4D2A124038E3}.Release|Any CPU.Build.0 = Release|Any CPU
	EndGlobalSection
	GlobalSection(SolutionProperties) = preSolution
		HideSolutionNode = FALSE
	EndGlobalSection
	GlobalSection(ExtensibilityGlobals) = postSolution
		SolutionGuid = {9AD26274-BE07-469B-A5EB-6E08ACC43138}
	EndGlobalSection
EndGlobal
